// !$*UTF8*$!
{
	archiveVersion = 1;
	classes = {
	};
	objectVersion = 51;
	objects = {

/* Begin PBXBuildFile section */
		282B9F6026CF046800B93409 /* AppDelegate.swift in Sources */ = {isa = PBXBuildFile; fileRef = 282B9F5F26CF046800B93409 /* AppDelegate.swift */; };
		282B9F6426CF046800B93409 /* ViewController.swift in Sources */ = {isa = PBXBuildFile; fileRef = 282B9F6326CF046800B93409 /* ViewController.swift */; };
		282B9F6726CF046800B93409 /* Main.storyboard in Resources */ = {isa = PBXBuildFile; fileRef = 282B9F6526CF046800B93409 /* Main.storyboard */; };
		282B9F6926CF046B00B93409 /* Assets.xcassets in Resources */ = {isa = PBXBuildFile; fileRef = 282B9F6826CF046B00B93409 /* Assets.xcassets */; };
		282B9F6C26CF046B00B93409 /* LaunchScreen.storyboard in Resources */ = {isa = PBXBuildFile; fileRef = 282B9F6A26CF046B00B93409 /* LaunchScreen.storyboard */; };
		282B9F7726CF046B00B93409 /* SwiftyTests.swift in Sources */ = {isa = PBXBuildFile; fileRef = 282B9F7626CF046B00B93409 /* SwiftyTests.swift */; };
		282B9F8226CF046B00B93409 /* SwiftyUITests.swift in Sources */ = {isa = PBXBuildFile; fileRef = 282B9F8126CF046B00B93409 /* SwiftyUITests.swift */; };
		D9032DBD704A0F66EDB8FFD8 /* Pods_Swifty.framework in Frameworks */ = {isa = PBXBuildFile; fileRef = 6BB107F6365772D86C4A1B8C /* Pods_Swifty.framework */; };
/* End PBXBuildFile section */

/* Begin PBXContainerItemProxy section */
		282B9F7326CF046B00B93409 /* PBXContainerItemProxy */ = {
			isa = PBXContainerItemProxy;
			containerPortal = 282B9F5426CF046800B93409 /* Project object */;
			proxyType = 1;
			remoteGlobalIDString = 282B9F5B26CF046800B93409;
			remoteInfo = Swiftyy;
		};
		282B9F7E26CF046B00B93409 /* PBXContainerItemProxy */ = {
			isa = PBXContainerItemProxy;
			containerPortal = 282B9F5426CF046800B93409 /* Project object */;
			proxyType = 1;
			remoteGlobalIDString = 282B9F5B26CF046800B93409;
			remoteInfo = Swiftyy;
		};
/* End PBXContainerItemProxy section */

/* Begin PBXFileReference section */
		282B9F5C26CF046800B93409 /* Swifty.app */ = {isa = PBXFileReference; explicitFileType = wrapper.application; includeInIndex = 0; path = Swifty.app; sourceTree = BUILT_PRODUCTS_DIR; };
		282B9F5F26CF046800B93409 /* AppDelegate.swift */ = {isa = PBXFileReference; lastKnownFileType = sourcecode.swift; path = AppDelegate.swift; sourceTree = "<group>"; };
		282B9F6326CF046800B93409 /* ViewController.swift */ = {isa = PBXFileReference; lastKnownFileType = sourcecode.swift; path = ViewController.swift; sourceTree = "<group>"; };
		282B9F6626CF046800B93409 /* Base */ = {isa = PBXFileReference; lastKnownFileType = file.storyboard; name = Base; path = Base.lproj/Main.storyboard; sourceTree = "<group>"; };
		282B9F6826CF046B00B93409 /* Assets.xcassets */ = {isa = PBXFileReference; lastKnownFileType = folder.assetcatalog; path = Assets.xcassets; sourceTree = "<group>"; };
		282B9F6B26CF046B00B93409 /* Base */ = {isa = PBXFileReference; lastKnownFileType = file.storyboard; name = Base; path = Base.lproj/LaunchScreen.storyboard; sourceTree = "<group>"; };
		282B9F6D26CF046B00B93409 /* Info.plist */ = {isa = PBXFileReference; lastKnownFileType = text.plist.xml; path = Info.plist; sourceTree = "<group>"; };
		282B9F7226CF046B00B93409 /* SwiftyTests.xctest */ = {isa = PBXFileReference; explicitFileType = wrapper.cfbundle; includeInIndex = 0; path = SwiftyTests.xctest; sourceTree = BUILT_PRODUCTS_DIR; };
		282B9F7626CF046B00B93409 /* SwiftyTests.swift */ = {isa = PBXFileReference; lastKnownFileType = sourcecode.swift; path = SwiftyTests.swift; sourceTree = "<group>"; };
		282B9F7826CF046B00B93409 /* Info.plist */ = {isa = PBXFileReference; lastKnownFileType = text.plist.xml; path = Info.plist; sourceTree = "<group>"; };
		282B9F7D26CF046B00B93409 /* SwiftyUITests.xctest */ = {isa = PBXFileReference; explicitFileType = wrapper.cfbundle; includeInIndex = 0; path = SwiftyUITests.xctest; sourceTree = BUILT_PRODUCTS_DIR; };
		282B9F8126CF046B00B93409 /* SwiftyUITests.swift */ = {isa = PBXFileReference; lastKnownFileType = sourcecode.swift; path = SwiftyUITests.swift; sourceTree = "<group>"; };
		282B9F8326CF046B00B93409 /* Info.plist */ = {isa = PBXFileReference; lastKnownFileType = text.plist.xml; path = Info.plist; sourceTree = "<group>"; };
		282ED5F526D453A5008B2C52 /* SwiftyRelease.entitlements */ = {isa = PBXFileReference; lastKnownFileType = text.plist.entitlements; path = SwiftyRelease.entitlements; sourceTree = "<group>"; };
		3E2A96AADACCE1D83A3BE802 /* Pods-Swifty.debug.xcconfig */ = {isa = PBXFileReference; includeInIndex = 1; lastKnownFileType = text.xcconfig; name = "Pods-Swifty.debug.xcconfig"; path = "Target Support Files/Pods-Swifty/Pods-Swifty.debug.xcconfig"; sourceTree = "<group>"; };
		6BB107F6365772D86C4A1B8C /* Pods_Swifty.framework */ = {isa = PBXFileReference; explicitFileType = wrapper.framework; includeInIndex = 0; path = Pods_Swifty.framework; sourceTree = BUILT_PRODUCTS_DIR; };
		B6CB3069D37B2BBE1B7B8D13 /* Pods-Swifty.release.xcconfig */ = {isa = PBXFileReference; includeInIndex = 1; lastKnownFileType = text.xcconfig; name = "Pods-Swifty.release.xcconfig"; path = "Target Support Files/Pods-Swifty/Pods-Swifty.release.xcconfig"; sourceTree = "<group>"; };
/* End PBXFileReference section */

/* Begin PBXFrameworksBuildPhase section */
		282B9F5926CF046800B93409 /* Frameworks */ = {
			isa = PBXFrameworksBuildPhase;
			buildActionMask = 2147483647;
			files = (
				D9032DBD704A0F66EDB8FFD8 /* Pods_Swifty.framework in Frameworks */,
			);
			runOnlyForDeploymentPostprocessing = 0;
		};
		282B9F6F26CF046B00B93409 /* Frameworks */ = {
			isa = PBXFrameworksBuildPhase;
			buildActionMask = 2147483647;
			files = (
			);
			runOnlyForDeploymentPostprocessing = 0;
		};
		282B9F7A26CF046B00B93409 /* Frameworks */ = {
			isa = PBXFrameworksBuildPhase;
			buildActionMask = 2147483647;
			files = (
			);
			runOnlyForDeploymentPostprocessing = 0;
		};
/* End PBXFrameworksBuildPhase section */

/* Begin PBXGroup section */
		282B9F5326CF046800B93409 = {
			isa = PBXGroup;
			children = (
				282B9F5E26CF046800B93409 /* Swifty */,
				282B9F7526CF046B00B93409 /* SwiftyTests */,
				282B9F8026CF046B00B93409 /* SwiftyUITests */,
				282B9F5D26CF046800B93409 /* Products */,
				5832A9CA970E58CEF32C0C97 /* Pods */,
				C0CF5D939C382CD2F2752D5E /* Frameworks */,
			);
			sourceTree = "<group>";
		};
		282B9F5D26CF046800B93409 /* Products */ = {
			isa = PBXGroup;
			children = (
				282B9F5C26CF046800B93409 /* Swifty.app */,
				282B9F7226CF046B00B93409 /* SwiftyTests.xctest */,
				282B9F7D26CF046B00B93409 /* SwiftyUITests.xctest */,
			);
			name = Products;
			sourceTree = "<group>";
		};
		282B9F5E26CF046800B93409 /* Swifty */ = {
			isa = PBXGroup;
			children = (
				282ED5F526D453A5008B2C52 /* SwiftyRelease.entitlements */,
				282B9F5F26CF046800B93409 /* AppDelegate.swift */,
				282B9F6326CF046800B93409 /* ViewController.swift */,
				282B9F6526CF046800B93409 /* Main.storyboard */,
				282B9F6826CF046B00B93409 /* Assets.xcassets */,
				282B9F6A26CF046B00B93409 /* LaunchScreen.storyboard */,
				282B9F6D26CF046B00B93409 /* Info.plist */,
			);
			path = Swifty;
			sourceTree = "<group>";
		};
		282B9F7526CF046B00B93409 /* SwiftyTests */ = {
			isa = PBXGroup;
			children = (
				282B9F7626CF046B00B93409 /* SwiftyTests.swift */,
				282B9F7826CF046B00B93409 /* Info.plist */,
			);
			path = SwiftyTests;
			sourceTree = "<group>";
		};
		282B9F8026CF046B00B93409 /* SwiftyUITests */ = {
			isa = PBXGroup;
			children = (
				282B9F8126CF046B00B93409 /* SwiftyUITests.swift */,
				282B9F8326CF046B00B93409 /* Info.plist */,
			);
			path = SwiftyUITests;
			sourceTree = "<group>";
		};
		5832A9CA970E58CEF32C0C97 /* Pods */ = {
			isa = PBXGroup;
			children = (
				3E2A96AADACCE1D83A3BE802 /* Pods-Swifty.debug.xcconfig */,
				B6CB3069D37B2BBE1B7B8D13 /* Pods-Swifty.release.xcconfig */,
			);
			path = Pods;
			sourceTree = "<group>";
		};
		C0CF5D939C382CD2F2752D5E /* Frameworks */ = {
			isa = PBXGroup;
			children = (
				6BB107F6365772D86C4A1B8C /* Pods_Swifty.framework */,
			);
			name = Frameworks;
			sourceTree = "<group>";
		};
/* End PBXGroup section */

/* Begin PBXNativeTarget section */
		282B9F5B26CF046800B93409 /* Swifty */ = {
			isa = PBXNativeTarget;
			buildConfigurationList = 282B9F8626CF046B00B93409 /* Build configuration list for PBXNativeTarget "Swifty" */;
			buildPhases = (
				431A397357199B37FF680019 /* [CP] Check Pods Manifest.lock */,
				282B9F5826CF046800B93409 /* Sources */,
				282B9F5926CF046800B93409 /* Frameworks */,
				282B9F5A26CF046800B93409 /* Resources */,
				F7BF6066BBC891A8C29117DD /* [CP] Embed Pods Frameworks */,
			);
			buildRules = (
			);
			dependencies = (
			);
			name = Swifty;
			productName = Swiftyy;
			productReference = 282B9F5C26CF046800B93409 /* Swifty.app */;
			productType = "com.apple.product-type.application";
		};
		282B9F7126CF046B00B93409 /* SwiftyTests */ = {
			isa = PBXNativeTarget;
			buildConfigurationList = 282B9F8926CF046B00B93409 /* Build configuration list for PBXNativeTarget "SwiftyTests" */;
			buildPhases = (
				282B9F6E26CF046B00B93409 /* Sources */,
				282B9F6F26CF046B00B93409 /* Frameworks */,
				282B9F7026CF046B00B93409 /* Resources */,
			);
			buildRules = (
			);
			dependencies = (
				282B9F7426CF046B00B93409 /* PBXTargetDependency */,
			);
			name = SwiftyTests;
			productName = SwiftyyTests;
			productReference = 282B9F7226CF046B00B93409 /* SwiftyTests.xctest */;
			productType = "com.apple.product-type.bundle.unit-test";
		};
		282B9F7C26CF046B00B93409 /* SwiftyUITests */ = {
			isa = PBXNativeTarget;
			buildConfigurationList = 282B9F8C26CF046B00B93409 /* Build configuration list for PBXNativeTarget "SwiftyUITests" */;
			buildPhases = (
				282B9F7926CF046B00B93409 /* Sources */,
				282B9F7A26CF046B00B93409 /* Frameworks */,
				282B9F7B26CF046B00B93409 /* Resources */,
			);
			buildRules = (
			);
			dependencies = (
				282B9F7F26CF046B00B93409 /* PBXTargetDependency */,
			);
			name = SwiftyUITests;
			productName = SwiftyyUITests;
			productReference = 282B9F7D26CF046B00B93409 /* SwiftyUITests.xctest */;
			productType = "com.apple.product-type.bundle.ui-testing";
		};
/* End PBXNativeTarget section */

/* Begin PBXProject section */
		282B9F5426CF046800B93409 /* Project object */ = {
			isa = PBXProject;
			attributes = {
				LastSwiftUpdateCheck = 1250;
				LastUpgradeCheck = 1250;
				TargetAttributes = {
					282B9F5B26CF046800B93409 = {
						CreatedOnToolsVersion = 12.5.1;
					};
					282B9F7126CF046B00B93409 = {
						CreatedOnToolsVersion = 12.5.1;
						TestTargetID = 282B9F5B26CF046800B93409;
					};
					282B9F7C26CF046B00B93409 = {
						CreatedOnToolsVersion = 12.5.1;
						TestTargetID = 282B9F5B26CF046800B93409;
					};
				};
			};
			buildConfigurationList = 282B9F5726CF046800B93409 /* Build configuration list for PBXProject "Swifty" */;
			compatibilityVersion = "Xcode 9.3";
			developmentRegion = en;
			hasScannedForEncodings = 0;
			knownRegions = (
				en,
				Base,
			);
			mainGroup = 282B9F5326CF046800B93409;
			productRefGroup = 282B9F5D26CF046800B93409 /* Products */;
			projectDirPath = "";
			projectRoot = "";
			targets = (
				282B9F5B26CF046800B93409 /* Swifty */,
				282B9F7126CF046B00B93409 /* SwiftyTests */,
				282B9F7C26CF046B00B93409 /* SwiftyUITests */,
			);
		};
/* End PBXProject section */

/* Begin PBXResourcesBuildPhase section */
		282B9F5A26CF046800B93409 /* Resources */ = {
			isa = PBXResourcesBuildPhase;
			buildActionMask = 2147483647;
			files = (
				282B9F6C26CF046B00B93409 /* LaunchScreen.storyboard in Resources */,
				282B9F6926CF046B00B93409 /* Assets.xcassets in Resources */,
				282B9F6726CF046800B93409 /* Main.storyboard in Resources */,
			);
			runOnlyForDeploymentPostprocessing = 0;
		};
		282B9F7026CF046B00B93409 /* Resources */ = {
			isa = PBXResourcesBuildPhase;
			buildActionMask = 2147483647;
			files = (
			);
			runOnlyForDeploymentPostprocessing = 0;
		};
		282B9F7B26CF046B00B93409 /* Resources */ = {
			isa = PBXResourcesBuildPhase;
			buildActionMask = 2147483647;
			files = (
			);
			runOnlyForDeploymentPostprocessing = 0;
		};
/* End PBXResourcesBuildPhase section */

/* Begin PBXShellScriptBuildPhase section */
		431A397357199B37FF680019 /* [CP] Check Pods Manifest.lock */ = {
			isa = PBXShellScriptBuildPhase;
			buildActionMask = 2147483647;
			files = (
			);
			inputFileListPaths = (
			);
			inputPaths = (
				"${PODS_PODFILE_DIR_PATH}/Podfile.lock",
				"${PODS_ROOT}/Manifest.lock",
			);
			name = "[CP] Check Pods Manifest.lock";
			outputFileListPaths = (
			);
			outputPaths = (
				"$(DERIVED_FILE_DIR)/Pods-Swifty-checkManifestLockResult.txt",
			);
			runOnlyForDeploymentPostprocessing = 0;
			shellPath = /bin/sh;
			shellScript = "diff \"${PODS_PODFILE_DIR_PATH}/Podfile.lock\" \"${PODS_ROOT}/Manifest.lock\" > /dev/null\nif [ $? != 0 ] ; then\n    # print error to STDERR\n    echo \"error: The sandbox is not in sync with the Podfile.lock. Run 'pod install' or update your CocoaPods installation.\" >&2\n    exit 1\nfi\n# This output is used by Xcode 'outputs' to avoid re-running this script phase.\necho \"SUCCESS\" > \"${SCRIPT_OUTPUT_FILE_0}\"\n";
			showEnvVarsInLog = 0;
		};
		F7BF6066BBC891A8C29117DD /* [CP] Embed Pods Frameworks */ = {
			isa = PBXShellScriptBuildPhase;
			buildActionMask = 2147483647;
			files = (
			);
			inputFileListPaths = (
				"${PODS_ROOT}/Target Support Files/Pods-Swifty/Pods-Swifty-frameworks-${CONFIGURATION}-input-files.xcfilelist",
			);
			name = "[CP] Embed Pods Frameworks";
			outputFileListPaths = (
				"${PODS_ROOT}/Target Support Files/Pods-Swifty/Pods-Swifty-frameworks-${CONFIGURATION}-output-files.xcfilelist",
			);
			runOnlyForDeploymentPostprocessing = 0;
			shellPath = /bin/sh;
			shellScript = "\"${PODS_ROOT}/Target Support Files/Pods-Swifty/Pods-Swifty-frameworks.sh\"\n";
			showEnvVarsInLog = 0;
		};
/* End PBXShellScriptBuildPhase section */

/* Begin PBXSourcesBuildPhase section */
		282B9F5826CF046800B93409 /* Sources */ = {
			isa = PBXSourcesBuildPhase;
			buildActionMask = 2147483647;
			files = (
				282B9F6426CF046800B93409 /* ViewController.swift in Sources */,
				282B9F6026CF046800B93409 /* AppDelegate.swift in Sources */,
			);
			runOnlyForDeploymentPostprocessing = 0;
		};
		282B9F6E26CF046B00B93409 /* Sources */ = {
			isa = PBXSourcesBuildPhase;
			buildActionMask = 2147483647;
			files = (
				282B9F7726CF046B00B93409 /* SwiftyTests.swift in Sources */,
			);
			runOnlyForDeploymentPostprocessing = 0;
		};
		282B9F7926CF046B00B93409 /* Sources */ = {
			isa = PBXSourcesBuildPhase;
			buildActionMask = 2147483647;
			files = (
				282B9F8226CF046B00B93409 /* SwiftyUITests.swift in Sources */,
			);
			runOnlyForDeploymentPostprocessing = 0;
		};
/* End PBXSourcesBuildPhase section */

/* Begin PBXTargetDependency section */
		282B9F7426CF046B00B93409 /* PBXTargetDependency */ = {
			isa = PBXTargetDependency;
			target = 282B9F5B26CF046800B93409 /* Swifty */;
			targetProxy = 282B9F7326CF046B00B93409 /* PBXContainerItemProxy */;
		};
		282B9F7F26CF046B00B93409 /* PBXTargetDependency */ = {
			isa = PBXTargetDependency;
			target = 282B9F5B26CF046800B93409 /* Swifty */;
			targetProxy = 282B9F7E26CF046B00B93409 /* PBXContainerItemProxy */;
		};
/* End PBXTargetDependency section */

/* Begin PBXVariantGroup section */
		282B9F6526CF046800B93409 /* Main.storyboard */ = {
			isa = PBXVariantGroup;
			children = (
				282B9F6626CF046800B93409 /* Base */,
			);
			name = Main.storyboard;
			sourceTree = "<group>";
		};
		282B9F6A26CF046B00B93409 /* LaunchScreen.storyboard */ = {
			isa = PBXVariantGroup;
			children = (
				282B9F6B26CF046B00B93409 /* Base */,
			);
			name = LaunchScreen.storyboard;
			sourceTree = "<group>";
		};
/* End PBXVariantGroup section */

/* Begin XCBuildConfiguration section */
		282B9F8426CF046B00B93409 /* Debug */ = {
			isa = XCBuildConfiguration;
			buildSettings = {
				ALWAYS_SEARCH_USER_PATHS = NO;
				CLANG_ANALYZER_NONNULL = YES;
				CLANG_ANALYZER_NUMBER_OBJECT_CONVERSION = YES_AGGRESSIVE;
				CLANG_CXX_LANGUAGE_STANDARD = "gnu++14";
				CLANG_CXX_LIBRARY = "libc++";
				CLANG_ENABLE_MODULES = YES;
				CLANG_ENABLE_OBJC_ARC = YES;
				CLANG_ENABLE_OBJC_WEAK = YES;
				CLANG_WARN_BLOCK_CAPTURE_AUTORELEASING = YES;
				CLANG_WARN_BOOL_CONVERSION = YES;
				CLANG_WARN_COMMA = YES;
				CLANG_WARN_CONSTANT_CONVERSION = YES;
				CLANG_WARN_DEPRECATED_OBJC_IMPLEMENTATIONS = YES;
				CLANG_WARN_DIRECT_OBJC_ISA_USAGE = YES_ERROR;
				CLANG_WARN_DOCUMENTATION_COMMENTS = YES;
				CLANG_WARN_EMPTY_BODY = YES;
				CLANG_WARN_ENUM_CONVERSION = YES;
				CLANG_WARN_INFINITE_RECURSION = YES;
				CLANG_WARN_INT_CONVERSION = YES;
				CLANG_WARN_NON_LITERAL_NULL_CONVERSION = YES;
				CLANG_WARN_OBJC_IMPLICIT_RETAIN_SELF = YES;
				CLANG_WARN_OBJC_LITERAL_CONVERSION = YES;
				CLANG_WARN_OBJC_ROOT_CLASS = YES_ERROR;
				CLANG_WARN_QUOTED_INCLUDE_IN_FRAMEWORK_HEADER = YES;
				CLANG_WARN_RANGE_LOOP_ANALYSIS = YES;
				CLANG_WARN_STRICT_PROTOTYPES = YES;
				CLANG_WARN_SUSPICIOUS_MOVE = YES;
				CLANG_WARN_UNGUARDED_AVAILABILITY = YES_AGGRESSIVE;
				CLANG_WARN_UNREACHABLE_CODE = YES;
				CLANG_WARN__DUPLICATE_METHOD_MATCH = YES;
				COPY_PHASE_STRIP = NO;
				DEBUG_INFORMATION_FORMAT = dwarf;
				ENABLE_STRICT_OBJC_MSGSEND = YES;
				ENABLE_TESTABILITY = YES;
				GCC_C_LANGUAGE_STANDARD = gnu11;
				GCC_DYNAMIC_NO_PIC = NO;
				GCC_NO_COMMON_BLOCKS = YES;
				GCC_OPTIMIZATION_LEVEL = 0;
				GCC_PREPROCESSOR_DEFINITIONS = (
					"DEBUG=1",
					"$(inherited)",
				);
				GCC_WARN_64_TO_32_BIT_CONVERSION = YES;
				GCC_WARN_ABOUT_RETURN_TYPE = YES_ERROR;
				GCC_WARN_UNDECLARED_SELECTOR = YES;
				GCC_WARN_UNINITIALIZED_AUTOS = YES_AGGRESSIVE;
				GCC_WARN_UNUSED_FUNCTION = YES;
				GCC_WARN_UNUSED_VARIABLE = YES;
				IPHONEOS_DEPLOYMENT_TARGET = 14.5;
				MTL_ENABLE_DEBUG_INFO = INCLUDE_SOURCE;
				MTL_FAST_MATH = YES;
				ONLY_ACTIVE_ARCH = YES;
				SDKROOT = iphoneos;
				SWIFT_ACTIVE_COMPILATION_CONDITIONS = DEBUG;
				SWIFT_OPTIMIZATION_LEVEL = "-Onone";
			};
			name = Debug;
		};
		282B9F8526CF046B00B93409 /* Release */ = {
			isa = XCBuildConfiguration;
			buildSettings = {
				ALWAYS_SEARCH_USER_PATHS = NO;
				CLANG_ANALYZER_NONNULL = YES;
				CLANG_ANALYZER_NUMBER_OBJECT_CONVERSION = YES_AGGRESSIVE;
				CLANG_CXX_LANGUAGE_STANDARD = "gnu++14";
				CLANG_CXX_LIBRARY = "libc++";
				CLANG_ENABLE_MODULES = YES;
				CLANG_ENABLE_OBJC_ARC = YES;
				CLANG_ENABLE_OBJC_WEAK = YES;
				CLANG_WARN_BLOCK_CAPTURE_AUTORELEASING = YES;
				CLANG_WARN_BOOL_CONVERSION = YES;
				CLANG_WARN_COMMA = YES;
				CLANG_WARN_CONSTANT_CONVERSION = YES;
				CLANG_WARN_DEPRECATED_OBJC_IMPLEMENTATIONS = YES;
				CLANG_WARN_DIRECT_OBJC_ISA_USAGE = YES_ERROR;
				CLANG_WARN_DOCUMENTATION_COMMENTS = YES;
				CLANG_WARN_EMPTY_BODY = YES;
				CLANG_WARN_ENUM_CONVERSION = YES;
				CLANG_WARN_INFINITE_RECURSION = YES;
				CLANG_WARN_INT_CONVERSION = YES;
				CLANG_WARN_NON_LITERAL_NULL_CONVERSION = YES;
				CLANG_WARN_OBJC_IMPLICIT_RETAIN_SELF = YES;
				CLANG_WARN_OBJC_LITERAL_CONVERSION = YES;
				CLANG_WARN_OBJC_ROOT_CLASS = YES_ERROR;
				CLANG_WARN_QUOTED_INCLUDE_IN_FRAMEWORK_HEADER = YES;
				CLANG_WARN_RANGE_LOOP_ANALYSIS = YES;
				CLANG_WARN_STRICT_PROTOTYPES = YES;
				CLANG_WARN_SUSPICIOUS_MOVE = YES;
				CLANG_WARN_UNGUARDED_AVAILABILITY = YES_AGGRESSIVE;
				CLANG_WARN_UNREACHABLE_CODE = YES;
				CLANG_WARN__DUPLICATE_METHOD_MATCH = YES;
				COPY_PHASE_STRIP = NO;
				DEBUG_INFORMATION_FORMAT = "dwarf-with-dsym";
				ENABLE_NS_ASSERTIONS = NO;
				ENABLE_STRICT_OBJC_MSGSEND = YES;
				GCC_C_LANGUAGE_STANDARD = gnu11;
				GCC_NO_COMMON_BLOCKS = YES;
				GCC_WARN_64_TO_32_BIT_CONVERSION = YES;
				GCC_WARN_ABOUT_RETURN_TYPE = YES_ERROR;
				GCC_WARN_UNDECLARED_SELECTOR = YES;
				GCC_WARN_UNINITIALIZED_AUTOS = YES_AGGRESSIVE;
				GCC_WARN_UNUSED_FUNCTION = YES;
				GCC_WARN_UNUSED_VARIABLE = YES;
				IPHONEOS_DEPLOYMENT_TARGET = 14.5;
				MTL_ENABLE_DEBUG_INFO = NO;
				MTL_FAST_MATH = YES;
				SDKROOT = iphoneos;
				SWIFT_COMPILATION_MODE = wholemodule;
				SWIFT_OPTIMIZATION_LEVEL = "-O";
				VALIDATE_PRODUCT = YES;
			};
			name = Release;
		};
		282B9F8726CF046B00B93409 /* Debug */ = {
			isa = XCBuildConfiguration;
			baseConfigurationReference = 3E2A96AADACCE1D83A3BE802 /* Pods-Swifty.debug.xcconfig */;
			buildSettings = {
				ASSETCATALOG_COMPILER_APPICON_NAME = AppIcon;
				ASSETCATALOG_COMPILER_GLOBAL_ACCENT_COLOR_NAME = AccentColor;
				CODE_SIGN_ENTITLEMENTS = Swifty/SwiftyRelease.entitlements;
				CODE_SIGN_STYLE = Manual;
				DEVELOPMENT_TEAM = "";
				INFOPLIST_FILE = Swifty/Info.plist;
				LD_RUNPATH_SEARCH_PATHS = (
					"$(inherited)",
					"@executable_path/Frameworks",
				);
				PRODUCT_BUNDLE_IDENTIFIER = io.branch.swifty;
				PRODUCT_NAME = "$(TARGET_NAME)";
				PROVISIONING_PROFILE_SPECIFIER = "";
				SWIFT_VERSION = 4.2;
				TARGETED_DEVICE_FAMILY = "1,2";
			};
			name = Debug;
		};
		282B9F8826CF046B00B93409 /* Release */ = {
			isa = XCBuildConfiguration;
			baseConfigurationReference = B6CB3069D37B2BBE1B7B8D13 /* Pods-Swifty.release.xcconfig */;
			buildSettings = {
				ASSETCATALOG_COMPILER_APPICON_NAME = AppIcon;
				ASSETCATALOG_COMPILER_GLOBAL_ACCENT_COLOR_NAME = AccentColor;
				CODE_SIGN_ENTITLEMENTS = Swifty/SwiftyRelease.entitlements;
				CODE_SIGN_IDENTITY = "Apple Development";
				CODE_SIGN_STYLE = Automatic;
				DEVELOPMENT_TEAM = R63EM248DP;
				INFOPLIST_FILE = Swifty/Info.plist;
				LD_RUNPATH_SEARCH_PATHS = (
					"$(inherited)",
					"@executable_path/Frameworks",
				);
				PRODUCT_BUNDLE_IDENTIFIER = io.branch.swifty;
				PRODUCT_NAME = "$(TARGET_NAME)";
				PROVISIONING_PROFILE_SPECIFIER = "";
				SWIFT_VERSION = 4.2;
				TARGETED_DEVICE_FAMILY = "1,2";
			};
			name = Release;
		};
		282B9F8A26CF046B00B93409 /* Debug */ = {
			isa = XCBuildConfiguration;
			buildSettings = {
				ALWAYS_EMBED_SWIFT_STANDARD_LIBRARIES = YES;
				BUNDLE_LOADER = "$(TEST_HOST)";
				CODE_SIGN_STYLE = Automatic;
				DEVELOPMENT_TEAM = 7CRMBWA46S;
				INFOPLIST_FILE = SwiftyyTests/Info.plist;
				IPHONEOS_DEPLOYMENT_TARGET = 14.5;
				LD_RUNPATH_SEARCH_PATHS = (
					"$(inherited)",
					"@executable_path/Frameworks",
					"@loader_path/Frameworks",
				);
				PRODUCT_BUNDLE_IDENTIFIER = com.Branch.SwiftyyTests;
				PRODUCT_NAME = "$(TARGET_NAME)";
				SWIFT_VERSION = 5.0;
				TARGETED_DEVICE_FAMILY = "1,2";
				TEST_HOST = "$(BUILT_PRODUCTS_DIR)/Swifty.app/Swifty";
			};
			name = Debug;
		};
		282B9F8B26CF046B00B93409 /* Release */ = {
			isa = XCBuildConfiguration;
			buildSettings = {
				ALWAYS_EMBED_SWIFT_STANDARD_LIBRARIES = YES;
				BUNDLE_LOADER = "$(TEST_HOST)";
				CODE_SIGN_STYLE = Automatic;
				DEVELOPMENT_TEAM = 7CRMBWA46S;
				INFOPLIST_FILE = SwiftyyTests/Info.plist;
				IPHONEOS_DEPLOYMENT_TARGET = 14.5;
				LD_RUNPATH_SEARCH_PATHS = (
					"$(inherited)",
					"@executable_path/Frameworks",
					"@loader_path/Frameworks",
				);
				PRODUCT_BUNDLE_IDENTIFIER = com.Branch.SwiftyyTests;
				PRODUCT_NAME = "$(TARGET_NAME)";
				SWIFT_VERSION = 5.0;
				TARGETED_DEVICE_FAMILY = "1,2";
				TEST_HOST = "$(BUILT_PRODUCTS_DIR)/Swifty.app/Swifty";
			};
			name = Release;
		};
		282B9F8D26CF046B00B93409 /* Debug */ = {
			isa = XCBuildConfiguration;
			buildSettings = {
				ALWAYS_EMBED_SWIFT_STANDARD_LIBRARIES = YES;
				CODE_SIGN_STYLE = Automatic;
				DEVELOPMENT_TEAM = 7CRMBWA46S;
				INFOPLIST_FILE = SwiftyyUITests/Info.plist;
				LD_RUNPATH_SEARCH_PATHS = (
					"$(inherited)",
					"@executable_path/Frameworks",
					"@loader_path/Frameworks",
				);
				PRODUCT_BUNDLE_IDENTIFIER = com.Branch.SwiftyyUITests;
				PRODUCT_NAME = "$(TARGET_NAME)";
				SWIFT_VERSION = 5.0;
				TARGETED_DEVICE_FAMILY = "1,2";
				TEST_TARGET_NAME = Swiftyy;
			};
			name = Debug;
		};
		282B9F8E26CF046B00B93409 /* Release */ = {
			isa = XCBuildConfiguration;
			buildSettings = {
				ALWAYS_EMBED_SWIFT_STANDARD_LIBRARIES = YES;
				CODE_SIGN_STYLE = Automatic;
				DEVELOPMENT_TEAM = 7CRMBWA46S;
				INFOPLIST_FILE = SwiftyyUITests/Info.plist;
				LD_RUNPATH_SEARCH_PATHS = (
					"$(inherited)",
					"@executable_path/Frameworks",
					"@loader_path/Frameworks",
				);
				PRODUCT_BUNDLE_IDENTIFIER = com.Branch.SwiftyyUITests;
				PRODUCT_NAME = "$(TARGET_NAME)";
				SWIFT_VERSION = 5.0;
				TARGETED_DEVICE_FAMILY = "1,2";
				TEST_TARGET_NAME = Swiftyy;
			};
			name = Release;
		};
/* End XCBuildConfiguration section */

/* Begin XCConfigurationList section */
		282B9F5726CF046800B93409 /* Build configuration list for PBXProject "Swifty" */ = {
			isa = XCConfigurationList;
			buildConfigurations = (
				282B9F8426CF046B00B93409 /* Debug */,
				282B9F8526CF046B00B93409 /* Release */,
			);
			defaultConfigurationIsVisible = 0;
			defaultConfigurationName = Release;
		};
		282B9F8626CF046B00B93409 /* Build configuration list for PBXNativeTarget "Swifty" */ = {
			isa = XCConfigurationList;
			buildConfigurations = (
				282B9F8726CF046B00B93409 /* Debug */,
				282B9F8826CF046B00B93409 /* Release */,
			);
			defaultConfigurationIsVisible = 0;
			defaultConfigurationName = Release;
		};
		282B9F8926CF046B00B93409 /* Build configuration list for PBXNativeTarget "SwiftyTests" */ = {
			isa = XCConfigurationList;
			buildConfigurations = (
				282B9F8A26CF046B00B93409 /* Debug */,
				282B9F8B26CF046B00B93409 /* Release */,
			);
			defaultConfigurationIsVisible = 0;
			defaultConfigurationName = Release;
		};
		282B9F8C26CF046B00B93409 /* Build configuration list for PBXNativeTarget "SwiftyUITests" */ = {
			isa = XCConfigurationList;
			buildConfigurations = (
				282B9F8D26CF046B00B93409 /* Debug */,
				282B9F8E26CF046B00B93409 /* Release */,
			);
			defaultConfigurationIsVisible = 0;
			defaultConfigurationName = Release;
		};
/* End XCConfigurationList section */
	};
	rootObject = 282B9F5426CF046800B93409 /* Project object */;
}
